
Microsoft Visual Studio Solution File, Format Version 12.00
# Visual Studio 2013
VisualStudioVersion = 12.0.31101.0
MinimumVisualStudioVersion = 10.0.40219.1
Project("{FAE04EC0-301F-11D3-BF4B-00C04F79EFBC}") = "News.Servicies", "News.Servicies\News.Servicies.csproj", "{6395AEE9-8868-4FD4-A8FE-075EB3998487}"
EndProject
Project("{FAE04EC0-301F-11D3-BF4B-00C04F79EFBC}") = "News.Models", "News.Models\News.Models.csproj", "{D2649FFA-D41E-414A-A95D-C143AA66D1F4}"
EndProject
Project("{FAE04EC0-301F-11D3-BF4B-00C04F79EFBC}") = "News.Data", "News.Data\News.Data.csproj", "{2683DB3C-6A62-4020-A195-C392B6C5DAAD}"
EndProject
Project("{FAE04EC0-301F-11D3-BF4B-00C04F79EFBC}") = "News.Test", "News.Test\News.Test.csproj", "{0D4E59E4-A668-46DB-B705-55A32FB14D0E}"
EndProject
Global
	GlobalSection(SolutionConfigurationPlatforms) = preSolution
		Debug|Any CPU = Debug|Any CPU
		Release|Any CPU = Release|Any CPU
	EndGlobalSection
	GlobalSection(ProjectConfigurationPlatforms) = postSolution
		{6395AEE9-8868-4FD4-A8FE-075EB3998487}.Debug|Any CPU.ActiveCfg = Debug|Any CPU
		{6395AEE9-8868-4FD4-A8FE-075EB3998487}.Debug|Any CPU.Build.0 = Debug|Any CPU
		{6395AEE9-8868-4FD4-A8FE-075EB3998487}.Release|Any CPU.ActiveCfg = Release|Any CPU
		{6395AEE9-8868-4FD4-A8FE-075EB3998487}.Release|Any CPU.Build.0 = Release|Any CPU
		{D2649FFA-D41E-414A-A95D-C143AA66D1F4}.Debug|Any CPU.ActiveCfg = Debug|Any CPU
		{D2649FFA-D41E-414A-A95D-C143AA66D1F4}.Debug|Any CPU.Build.0 = Debug|Any CPU
		{D2649FFA-D41E-414A-A95D-C143AA66D1F4}.Release|Any CPU.ActiveCfg = Release|Any CPU
		{D2649FFA-D41E-414A-A95D-C143AA66D1F4}.Release|Any CPU.Build.0 = Release|Any CPU
		{2683DB3C-6A62-4020-A195-C392B6C5DAAD}.Debug|Any CPU.ActiveCfg = Debug|Any CPU
		{2683DB3C-6A62-4020-A195-C392B6C5DAAD}.Debug|Any CPU.Build.0 = Debug|Any CPU
		{2683DB3C-6A62-4020-A195-C392B6C5DAAD}.Release|Any CPU.ActiveCfg = Release|Any CPU
		{2683DB3C-6A62-4020-A195-C392B6C5DAAD}.Release|Any CPU.Build.0 = Release|Any CPU
		{0D4E59E4-A668-46DB-B705-55A32FB14D0E}.Debug|Any CPU.ActiveCfg = Debug|Any CPU
		{0D4E59E4-A668-46DB-B705-55A32FB14D0E}.Debug|Any CPU.Build.0 = Debug|Any CPU
		{0D4E59E4-A668-46DB-B705-55A32FB14D0E}.Release|Any CPU.ActiveCfg = Release|Any CPU
		{0D4E59E4-A668-46DB-B705-55A32FB14D0E}.Release|Any CPU.Build.0 = Release|Any CPU
	EndGlobalSection
	GlobalSection(SolutionProperties) = preSolution
		HideSolutionNode = FALSE
	EndGlobalSection
EndGlobal
